
Microsoft Visual Studio Solution File, Format Version 12.00
# Visual Studio Version 16
VisualStudioVersion = 16.0.30717.126
MinimumVisualStudioVersion = 10.0.40219.1
Project("{FAE04EC0-301F-11D3-BF4B-00C04F79EFBC}") = "TypedRegex", "TypedRegex\TypedRegex.csproj", "{594AB15A-E5D6-43F1-903A-1A1E69CA1174}"
EndProject
Project("{FAE04EC0-301F-11D3-BF4B-00C04F79EFBC}") = "TypedRegex.Samples", "TypedRegex.Samples\TypedRegex.Samples.csproj", "{7FE1E41A-A24B-456A-B097-CA25A5FDDFFB}"
EndProject
Global
	GlobalSection(SolutionConfigurationPlatforms) = preSolution
		Debug|Any CPU = Debug|Any CPU
		Release|Any CPU = Release|Any CPU
	EndGlobalSection
	GlobalSection(ProjectConfigurationPlatforms) = postSolution
		{594AB15A-E5D6-43F1-903A-1A1E69CA1174}.Debug|Any CPU.ActiveCfg = Debug|Any CPU
		{594AB15A-E5D6-43F1-903A-1A1E69CA1174}.Debug|Any CPU.Build.0 = Debug|Any CPU
		{594AB15A-E5D6-43F1-903A-1A1E69CA1174}.Release|Any CPU.ActiveCfg = Release|Any CPU
		{594AB15A-E5D6-43F1-903A-1A1E69CA1174}.Release|Any CPU.Build.0 = Release|Any CPU
		{7FE1E41A-A24B-456A-B097-CA25A5FDDFFB}.Debug|Any CPU.ActiveCfg = Debug|Any CPU
		{7FE1E41A-A24B-456A-B097-CA25A5FDDFFB}.Debug|Any CPU.Build.0 = Debug|Any CPU
		{7FE1E41A-A24B-456A-B097-CA25A5FDDFFB}.Release|Any CPU.ActiveCfg = Release|Any CPU
		{7FE1E41A-A24B-456A-B097-CA25A5FDDFFB}.Release|Any CPU.Build.0 = Release|Any CPU
	EndGlobalSection
	GlobalSection(SolutionProperties) = preSolution
		HideSolutionNode = FALSE
	EndGlobalSection
	GlobalSection(ExtensibilityGlobals) = postSolution
		SolutionGuid = {72943136-0406-4088-9B13-29221F56B252}
	EndGlobalSection
EndGlobal
